// !$*UTF8*$!
{
	archiveVersion = 1;
	classes = {
	};
	objectVersion = 46;
	objects = {

/* Begin PBXBuildFile section */
		60AF572A19D08B1500BED385 /* main.m in Sources */ = {isa = PBXBuildFile; fileRef = 60AF572919D08B1500BED385 /* main.m */; };
		60AF572D19D08B1500BED385 /* AppDelegate.m in Sources */ = {isa = PBXBuildFile; fileRef = 60AF572C19D08B1500BED385 /* AppDelegate.m */; };
		60AF572F19D08B1500BED385 /* Images.xcassets in Resources */ = {isa = PBXBuildFile; fileRef = 60AF572E19D08B1500BED385 /* Images.xcassets */; };
		60AF573219D08B1500BED385 /* MainMenu.xib in Resources */ = {isa = PBXBuildFile; fileRef = 60AF573019D08B1500BED385 /* MainMenu.xib */; };
		60AF573E19D08B1500BED385 /* DecorMonkeyTests.m in Sources */ = {isa = PBXBuildFile; fileRef = 60AF573D19D08B1500BED385 /* DecorMonkeyTests.m */; };
/* End PBXBuildFile section */

/* Begin PBXContainerItemProxy section */
		60AF573819D08B1500BED385 /* PBXContainerItemProxy */ = {
			isa = PBXContainerItemProxy;
			containerPortal = 60AF571C19D08B1500BED385 /* Project object */;
			proxyType = 1;
			remoteGlobalIDString = 60AF572319D08B1500BED385;
			remoteInfo = DecorMonkey;
		};
/* End PBXContainerItemProxy section */

/* Begin PBXFileReference section */
		60AF572419D08B1500BED385 /* DecorMonkey.app */ = {isa = PBXFileReference; explicitFileType = wrapper.application; includeInIndex = 0; path = DecorMonkey.app; sourceTree = BUILT_PRODUCTS_DIR; };
		60AF572819D08B1500BED385 /* Info.plist */ = {isa = PBXFileReference; lastKnownFileType = text.plist.xml; path = Info.plist; sourceTree = "<group>"; };
		60AF572919D08B1500BED385 /* main.m */ = {isa = PBXFileReference; lastKnownFileType = sourcecode.c.objc; path = main.m; sourceTree = "<group>"; };
		60AF572B19D08B1500BED385 /* AppDelegate.h */ = {isa = PBXFileReference; lastKnownFileType = sourcecode.c.h; path = AppDelegate.h; sourceTree = "<group>"; };
		60AF572C19D08B1500BED385 /* AppDelegate.m */ = {isa = PBXFileReference; lastKnownFileType = sourcecode.c.objc; path = AppDelegate.m; sourceTree = "<group>"; };
		60AF572E19D08B1500BED385 /* Images.xcassets */ = {isa = PBXFileReference; lastKnownFileType = folder.assetcatalog; path = Images.xcassets; sourceTree = "<group>"; };
		60AF573119D08B1500BED385 /* Base */ = {isa = PBXFileReference; lastKnownFileType = file.xib; name = Base; path = Base.lproj/MainMenu.xib; sourceTree = "<group>"; };
		60AF573719D08B1500BED385 /* DecorMonkeyTests.xctest */ = {isa = PBXFileReference; explicitFileType = wrapper.cfbundle; includeInIndex = 0; path = DecorMonkeyTests.xctest; sourceTree = BUILT_PRODUCTS_DIR; };
		60AF573C19D08B1500BED385 /* Info.plist */ = {isa = PBXFileReference; lastKnownFileType = text.plist.xml; path = Info.plist; sourceTree = "<group>"; };
		60AF573D19D08B1500BED385 /* DecorMonkeyTests.m */ = {isa = PBXFileReference; lastKnownFileType = sourcecode.c.objc; path = DecorMonkeyTests.m; sourceTree = "<group>"; };
/* End PBXFileReference section */

/* Begin PBXFrameworksBuildPhase section */
		60AF572119D08B1500BED385 /* Frameworks */ = {
			isa = PBXFrameworksBuildPhase;
			buildActionMask = 2147483647;
			files = (
			);
			runOnlyForDeploymentPostprocessing = 0;
		};
		60AF573419D08B1500BED385 /* Frameworks */ = {
			isa = PBXFrameworksBuildPhase;
			buildActionMask = 2147483647;
			files = (
			);
			runOnlyForDeploymentPostprocessing = 0;
		};
/* End PBXFrameworksBuildPhase section */

/* Begin PBXGroup section */
		60AF571B19D08B1500BED385 = {
			isa = PBXGroup;
			children = (
				60AF572619D08B1500BED385 /* DecorMonkey */,
				60AF573A19D08B1500BED385 /* DecorMonkeyTests */,
				60AF572519D08B1500BED385 /* Products */,
			);
			sourceTree = "<group>";
		};
		60AF572519D08B1500BED385 /* Products */ = {
			isa = PBXGroup;
			children = (
				60AF572419D08B1500BED385 /* DecorMonkey.app */,
				60AF573719D08B1500BED385 /* DecorMonkeyTests.xctest */,
			);
			name = Products;
			sourceTree = "<group>";
		};
		60AF572619D08B1500BED385 /* DecorMonkey */ = {
			isa = PBXGroup;
			children = (
				60AF572B19D08B1500BED385 /* AppDelegate.h */,
				60AF572C19D08B1500BED385 /* AppDelegate.m */,
				60AF572E19D08B1500BED385 /* Images.xcassets */,
				60AF573019D08B1500BED385 /* MainMenu.xib */,
				60AF572719D08B1500BED385 /* Supporting Files */,
			);
			path = DecorMonkey;
			sourceTree = "<group>";
		};
		60AF572719D08B1500BED385 /* Supporting Files */ = {
			isa = PBXGroup;
			children = (
				60AF572819D08B1500BED385 /* Info.plist */,
				60AF572919D08B1500BED385 /* main.m */,
			);
			name = "Supporting Files";
			sourceTree = "<group>";
		};
		60AF573A19D08B1500BED385 /* DecorMonkeyTests */ = {
			isa = PBXGroup;
			children = (
				60AF573D19D08B1500BED385 /* DecorMonkeyTests.m */,
				60AF573B19D08B1500BED385 /* Supporting Files */,
			);
			path = DecorMonkeyTests;
			sourceTree = "<group>";
		};
		60AF573B19D08B1500BED385 /* Supporting Files */ = {
			isa = PBXGroup;
			children = (
				60AF573C19D08B1500BED385 /* Info.plist */,
			);
			name = "Supporting Files";
			sourceTree = "<group>";
		};
/* End PBXGroup section */

/* Begin PBXNativeTarget section */
		60AF572319D08B1500BED385 /* DecorMonkey */ = {
			isa = PBXNativeTarget;
			buildConfigurationList = 60AF574119D08B1500BED385 /* Build configuration list for PBXNativeTarget "DecorMonkey" */;
			buildPhases = (
				60AF572019D08B1500BED385 /* Sources */,
				60AF572119D08B1500BED385 /* Frameworks */,
				60AF572219D08B1500BED385 /* Resources */,
			);
			buildRules = (
			);
			dependencies = (
			);
			name = DecorMonkey;
			productName = DecorMonkey;
			productReference = 60AF572419D08B1500BED385 /* DecorMonkey.app */;
			productType = "com.apple.product-type.application";
		};
		60AF573619D08B1500BED385 /* DecorMonkeyTests */ = {
			isa = PBXNativeTarget;
			buildConfigurationList = 60AF574419D08B1500BED385 /* Build configuration list for PBXNativeTarget "DecorMonkeyTests" */;
			buildPhases = (
				60AF573319D08B1500BED385 /* Sources */,
				60AF573419D08B1500BED385 /* Frameworks */,
				60AF573519D08B1500BED385 /* Resources */,
			);
			buildRules = (
			);
			dependencies = (
				60AF573919D08B1500BED385 /* PBXTargetDependency */,
			);
			name = DecorMonkeyTests;
			productName = DecorMonkeyTests;
			productReference = 60AF573719D08B1500BED385 /* DecorMonkeyTests.xctest */;
			productType = "com.apple.product-type.bundle.unit-test";
		};
/* End PBXNativeTarget section */

/* Begin PBXProject section */
		60AF571C19D08B1500BED385 /* Project object */ = {
			isa = PBXProject;
			attributes = {
				LastUpgradeCheck = 0600;
				ORGANIZATIONNAME = "Torrential Scoffware";
				TargetAttributes = {
					60AF572319D08B1500BED385 = {
						CreatedOnToolsVersion = 6.0.1;
					};
					60AF573619D08B1500BED385 = {
						CreatedOnToolsVersion = 6.0.1;
						TestTargetID = 60AF572319D08B1500BED385;
					};
				};
			};
			buildConfigurationList = 60AF571F19D08B1500BED385 /* Build configuration list for PBXProject "DecorMonkey" */;
			compatibilityVersion = "Xcode 3.2";
			developmentRegion = English;
			hasScannedForEncodings = 0;
			knownRegions = (
				en,
				Base,
			);
			mainGroup = 60AF571B19D08B1500BED385;
			productRefGroup = 60AF572519D08B1500BED385 /* Products */;
			projectDirPath = "";
			projectRoot = "";
			targets = (
				60AF572319D08B1500BED385 /* DecorMonkey */,
				60AF573619D08B1500BED385 /* DecorMonkeyTests */,
			);
		};
/* End PBXProject section */

/* Begin PBXResourcesBuildPhase section */
		60AF572219D08B1500BED385 /* Resources */ = {
			isa = PBXResourcesBuildPhase;
			buildActionMask = 2147483647;
			files = (
				60AF572F19D08B1500BED385 /* Images.xcassets in Resources */,
				60AF573219D08B1500BED385 /* MainMenu.xib in Resources */,
			);
			runOnlyForDeploymentPostprocessing = 0;
		};
		60AF573519D08B1500BED385 /* Resources */ = {
			isa = PBXResourcesBuildPhase;
			buildActionMask = 2147483647;
			files = (
			);
			runOnlyForDeploymentPostprocessing = 0;
		};
/* End PBXResourcesBuildPhase section */

/* Begin PBXSourcesBuildPhase section */
		60AF572019D08B1500BED385 /* Sources */ = {
			isa = PBXSourcesBuildPhase;
			buildActionMask = 2147483647;
			files = (
				60AF572D19D08B1500BED385 /* AppDelegate.m in Sources */,
				60AF572A19D08B1500BED385 /* main.m in Sources */,
			);
			runOnlyForDeploymentPostprocessing = 0;
		};
		60AF573319D08B1500BED385 /* Sources */ = {
			isa = PBXSourcesBuildPhase;
			buildActionMask = 2147483647;
			files = (
				60AF573E19D08B1500BED385 /* DecorMonkeyTests.m in Sources */,
			);
			runOnlyForDeploymentPostprocessing = 0;
		};
/* End PBXSourcesBuildPhase section */

/* Begin PBXTargetDependency section */
		60AF573919D08B1500BED385 /* PBXTargetDependency */ = {
			isa = PBXTargetDependency;
			target = 60AF572319D08B1500BED385 /* DecorMonkey */;
			targetProxy = 60AF573819D08B1500BED385 /* PBXContainerItemProxy */;
		};
/* End PBXTargetDependency section */

/* Begin PBXVariantGroup section */
		60AF573019D08B1500BED385 /* MainMenu.xib */ = {
			isa = PBXVariantGroup;
			children = (
				60AF573119D08B1500BED385 /* Base */,
			);
			name = MainMenu.xib;
			sourceTree = "<group>";
		};
/* End PBXVariantGroup section */

/* Begin XCBuildConfiguration section */
		60AF573F19D08B1500BED385 /* Debug */ = {
			isa = XCBuildConfiguration;
			buildSettings = {
				ALWAYS_SEARCH_USER_PATHS = NO;
				CLANG_CXX_LANGUAGE_STANDARD = "gnu++0x";
				CLANG_CXX_LIBRARY = "libc++";
				CLANG_ENABLE_MODULES = YES;
				CLANG_ENABLE_OBJC_ARC = YES;
				CLANG_WARN_BOOL_CONVERSION = YES;
				CLANG_WARN_CONSTANT_CONVERSION = YES;
				CLANG_WARN_DIRECT_OBJC_ISA_USAGE = YES_ERROR;
				CLANG_WARN_EMPTY_BODY = YES;
				CLANG_WARN_ENUM_CONVERSION = YES;
				CLANG_WARN_INT_CONVERSION = YES;
				CLANG_WARN_OBJC_ROOT_CLASS = YES_ERROR;
				CLANG_WARN_UNREACHABLE_CODE = YES;
				CLANG_WARN__DUPLICATE_METHOD_MATCH = YES;
				CODE_SIGN_IDENTITY = "-";
				COPY_PHASE_STRIP = NO;
				ENABLE_STRICT_OBJC_MSGSEND = YES;
				GCC_C_LANGUAGE_STANDARD = gnu99;
				GCC_DYNAMIC_NO_PIC = NO;
				GCC_OPTIMIZATION_LEVEL = 0;
				GCC_PREPROCESSOR_DEFINITIONS = (
					"DEBUG=1",
					"$(inherited)",
				);
				GCC_SYMBOLS_PRIVATE_EXTERN = NO;
				GCC_WARN_64_TO_32_BIT_CONVERSION = YES;
				GCC_WARN_ABOUT_RETURN_TYPE = YES_ERROR;
				GCC_WARN_UNDECLARED_SELECTOR = YES;
				GCC_WARN_UNINITIALIZED_AUTOS = YES_AGGRESSIVE;
				GCC_WARN_UNUSED_FUNCTION = YES;
				GCC_WARN_UNUSED_VARIABLE = YES;
				MACOSX_DEPLOYMENT_TARGET = 10.9;
				MTL_ENABLE_DEBUG_INFO = YES;
				ONLY_ACTIVE_ARCH = YES;
				SDKROOT = macosx;
			};
			name = Debug;
		};
		60AF574019D08B1500BED385 /* Release */ = {
			isa = XCBuildConfiguration;
			buildSettings = {
				ALWAYS_SEARCH_USER_PATHS = NO;
				CLANG_CXX_LANGUAGE_STANDARD = "gnu++0x";
				CLANG_CXX_LIBRARY = "libc++";
				CLANG_ENABLE_MODULES = YES;
				CLANG_ENABLE_OBJC_ARC = YES;
				CLANG_WARN_BOOL_CONVERSION = YES;
				CLANG_WARN_CONSTANT_CONVERSION = YES;
				CLANG_WARN_DIRECT_OBJC_ISA_USAGE = YES_ERROR;
				CLANG_WARN_EMPTY_BODY = YES;
				CLANG_WARN_ENUM_CONVERSION = YES;
				CLANG_WARN_INT_CONVERSION = YES;
				CLANG_WARN_OBJC_ROOT_CLASS = YES_ERROR;
				CLANG_WARN_UNREACHABLE_CODE = YES;
				CLANG_WARN__DUPLICATE_METHOD_MATCH = YES;
				CODE_SIGN_IDENTITY = "-";
				COPY_PHASE_STRIP = YES;
				DEBUG_INFORMATION_FORMAT = "dwarf-with-dsym";
				ENABLE_NS_ASSERTIONS = NO;
				ENABLE_STRICT_OBJC_MSGSEND = YES;
				GCC_C_LANGUAGE_STANDARD = gnu99;
				GCC_WARN_64_TO_32_BIT_CONVERSION = YES;
				GCC_WARN_ABOUT_RETURN_TYPE = YES_ERROR;
				GCC_WARN_UNDECLARED_SELECTOR = YES;
				GCC_WARN_UNINITIALIZED_AUTOS = YES_AGGRESSIVE;
				GCC_WARN_UNUSED_FUNCTION = YES;
				GCC_WARN_UNUSED_VARIABLE = YES;
				MACOSX_DEPLOYMENT_TARGET = 10.9;
				MTL_ENABLE_DEBUG_INFO = NO;
				SDKROOT = macosx;
			};
			name = Release;
		};
		60AF574219D08B1500BED385 /* Debug */ = {
			isa = XCBuildConfiguration;
			buildSettings = {
				ASSETCATALOG_COMPILER_APPICON_NAME = AppIcon;
				COMBINE_HIDPI_IMAGES = YES;
				INFOPLIST_FILE = DecorMonkey/Info.plist;
				LD_RUNPATH_SEARCH_PATHS = "$(inherited) @executable_path/../Frameworks";
				PRODUCT_NAME = "$(TARGET_NAME)";
			};
			name = Debug;
		};
		60AF574319D08B1500BED385 /* Release */ = {
			isa = XCBuildConfiguration;
			buildSettings = {
				ASSETCATALOG_COMPILER_APPICON_NAME = AppIcon;
				COMBINE_HIDPI_IMAGES = YES;
				INFOPLIST_FILE = DecorMonkey/Info.plist;
				LD_RUNPATH_SEARCH_PATHS = "$(inherited) @executable_path/../Frameworks";
				PRODUCT_NAME = "$(TARGET_NAME)";
			};
			name = Release;
		};
		60AF574519D08B1500BED385 /* Debug */ = {
			isa = XCBuildConfiguration;
			buildSettings = {
				BUNDLE_LOADER = "$(TEST_HOST)";
				COMBINE_HIDPI_IMAGES = YES;
				FRAMEWORK_SEARCH_PATHS = (
					"$(DEVELOPER_FRAMEWORKS_DIR)",
					"$(inherited)",
				);
				GCC_PREPROCESSOR_DEFINITIONS = (
					"DEBUG=1",
					"$(inherited)",
				);
				INFOPLIST_FILE = DecorMonkeyTests/Info.plist;
				LD_RUNPATH_SEARCH_PATHS = "$(inherited) @executable_path/../Frameworks @loader_path/../Frameworks";
				PRODUCT_NAME = "$(TARGET_NAME)";
				TEST_HOST = "$(BUILT_PRODUCTS_DIR)/DecorMonkey.app/Contents/MacOS/DecorMonkey";
			};
			name = Debug;
		};
		60AF574619D08B1500BED385 /* Release */ = {
			isa = XCBuildConfiguration;
			buildSettings = {
				BUNDLE_LOADER = "$(TEST_HOST)";
				COMBINE_HIDPI_IMAGES = YES;
				FRAMEWORK_SEARCH_PATHS = (
					"$(DEVELOPER_FRAMEWORKS_DIR)",
					"$(inherited)",
				);
				INFOPLIST_FILE = DecorMonkeyTests/Info.plist;
				LD_RUNPATH_SEARCH_PATHS = "$(inherited) @executable_path/../Frameworks @loader_path/../Frameworks";
				PRODUCT_NAME = "$(TARGET_NAME)";
				TEST_HOST = "$(BUILT_PRODUCTS_DIR)/DecorMonkey.app/Contents/MacOS/DecorMonkey";
			};
			name = Release;
		};
/* End XCBuildConfiguration section */

/* Begin XCConfigurationList section */
		60AF571F19D08B1500BED385 /* Build configuration list for PBXProject "DecorMonkey" */ = {
			isa = XCConfigurationList;
			buildConfigurations = (
				60AF573F19D08B1500BED385 /* Debug */,
				60AF574019D08B1500BED385 /* Release */,
			);
			defaultConfigurationIsVisible = 0;
			defaultConfigurationName = Release;
		};
		60AF574119D08B1500BED385 /* Build configuration list for PBXNativeTarget "DecorMonkey" */ = {
			isa = XCConfigurationList;
			buildConfigurations = (
				60AF574219D08B1500BED385 /* Debug */,
				60AF574319D08B1500BED385 /* Release */,
			);
			defaultConfigurationIsVisible = 0;
		};
		60AF574419D08B1500BED385 /* Build configuration list for PBXNativeTarget "DecorMonkeyTests" */ = {
			isa = XCConfigurationList;
			buildConfigurations = (
				60AF574519D08B1500BED385 /* Debug */,
				60AF574619D08B1500BED385 /* Release */,
			);
			defaultConfigurationIsVisible = 0;
		};
/* End XCConfigurationList section */
	};
	rootObject = 60AF571C19D08B1500BED385 /* Project object */;
}
